
Microsoft Visual Studio Solution File, Format Version 12.00
# Visual Studio 2012
Project("{FAE04EC0-301F-11D3-BF4B-00C04F79EFBC}") = "Loggly4Net", "Loggly4Net\Loggly4Net.csproj", "{7CD25EE2-F824-4578-BE29-7FAF166CAC47}"
EndProject
Project("{2150E333-8FDC-42A3-9474-1A3956D46DE8}") = ".nuget", ".nuget", "{9623A37F-D61C-4524-BF6E-44A3CDA8280A}"
	ProjectSection(SolutionItems) = preProject
		.nuget\NuGet.Config = .nuget\NuGet.Config
		.nuget\NuGet.exe = .nuget\NuGet.exe
		.nuget\NuGet.targets = .nuget\NuGet.targets
	EndProjectSection
EndProject
Global
	GlobalSection(SolutionConfigurationPlatforms) = preSolution
		Debug|Any CPU = Debug|Any CPU
		Release|Any CPU = Release|Any CPU
	EndGlobalSection
	GlobalSection(ProjectConfigurationPlatforms) = postSolution
		{7CD25EE2-F824-4578-BE29-7FAF166CAC47}.Debug|Any CPU.ActiveCfg = Debug|Any CPU
		{7CD25EE2-F824-4578-BE29-7FAF166CAC47}.Debug|Any CPU.Build.0 = Debug|Any CPU
		{7CD25EE2-F824-4578-BE29-7FAF166CAC47}.Release|Any CPU.ActiveCfg = Release|Any CPU
		{7CD25EE2-F824-4578-BE29-7FAF166CAC47}.Release|Any CPU.Build.0 = Release|Any CPU
	EndGlobalSection
	GlobalSection(SolutionProperties) = preSolution
		HideSolutionNode = FALSE
	EndGlobalSection
EndGlobal
